<?xml version="1.0" encoding="UTF-8" standalone="yes" ?>
<CodeBlocks_project_file>
	<FileVersion major="1" minor="6" />
	<Project>
		<Option title="Squarity" />
		<Option pch_mode="2" />
		<Option compiler="gcc" />
		<Build>
			<Target title="Debug">
				<Option output="bin/Debug/Squarity" prefix_auto="1" extension_auto="1" />
				<Option object_output="obj/Debug/" />
				<Option type="1" />
				<Option compiler="gcc" />
				<Compiler>
					<Add option="-Weffc++" />
					<Add option="-Wextra" />
					<Add option="-Wall" />
					<Add option="-pg" />
					<Add option="-g" />
					<Add option="-DDEBUG" />
					<Add directory="include" />
				</Compiler>
				<Linker>
					<Add option="-pg" />
					<Add library="SDL2" />
					<Add library="SDL2_ttf" />
				</Linker>
			</Target>
			<Target title="Release">
				<Option output="bin/Release/Squarity" prefix_auto="1" extension_auto="1" />
				<Option object_output="obj/Release/" />
				<Option type="1" />
				<Option compiler="gcc" />
				<Compiler>
					<Add option="-flto" />
					<Add option="-Os" />
					<Add option="-Weffc++" />
					<Add option="-Wextra" />
					<Add option="-Wall" />
					<Add directory="include" />
				</Compiler>
				<Linker>
					<Add option="-flto" />
					<Add option="-s" />
					<Add library="SDL2" />
					<Add library="SDL2_ttf" />
				</Linker>
			</Target>
		</Build>
		<Compiler>
			<Add option="-Wall" />
		</Compiler>
		<Unit filename="include/BasicEnemy.h" />
		<Unit filename="include/Enemy.h" />
		<Unit filename="include/FastEnemy.h" />
		<Unit filename="include/HUD.h" />
		<Unit filename="include/Player.h" />
		<Unit filename="include/Trail.h" />
		<Unit filename="include/collision.h" />
		<Unit filename="include/textrender.h" />
		<Unit filename="src/BasicEnemy.cpp" />
		<Unit filename="src/Enemy.cpp" />
		<Unit filename="src/FastEnemy.cpp" />
		<Unit filename="src/HUD.cpp" />
		<Unit filename="src/Player.cpp" />
		<Unit filename="src/Trail.cpp" />
		<Unit filename="src/collision.c">
			<Option compilerVar="CC" />
		</Unit>
		<Unit filename="src/main.cpp" />
		<Unit filename="src/textrender.c">
			<Option compilerVar="CC" />
		</Unit>
		<Extensions />
	</Project>
</CodeBlocks_project_file>
